// !$*UTF8*$!
{
	archiveVersion = 1;
	classes = {
	};
	objectVersion = 46;
	objects = {

/* Begin PBXBuildFile section */
		814C1B101BB0362300A388EC /* AppDelegate.swift in Sources */ = {isa = PBXBuildFile; fileRef = 814C1B0F1BB0362300A388EC /* AppDelegate.swift */; };
		814C1B121BB0362300A388EC /* ViewController.swift in Sources */ = {isa = PBXBuildFile; fileRef = 814C1B111BB0362300A388EC /* ViewController.swift */; };
		814C1B151BB0362300A388EC /* Main.storyboard in Resources */ = {isa = PBXBuildFile; fileRef = 814C1B131BB0362300A388EC /* Main.storyboard */; };
		814C1B171BB0362300A388EC /* Assets.xcassets in Resources */ = {isa = PBXBuildFile; fileRef = 814C1B161BB0362300A388EC /* Assets.xcassets */; };
		814C1B1A1BB0362300A388EC /* LaunchScreen.storyboard in Resources */ = {isa = PBXBuildFile; fileRef = 814C1B181BB0362300A388EC /* LaunchScreen.storyboard */; };
/* End PBXBuildFile section */

/* Begin PBXFileReference section */
		814C1B0C1BB0362300A388EC /* GPSTest.app */ = {isa = PBXFileReference; explicitFileType = wrapper.application; includeInIndex = 0; path = GPSTest.app; sourceTree = BUILT_PRODUCTS_DIR; };
		814C1B0F1BB0362300A388EC /* AppDelegate.swift */ = {isa = PBXFileReference; lastKnownFileType = sourcecode.swift; path = AppDelegate.swift; sourceTree = "<group>"; };
		814C1B111BB0362300A388EC /* ViewController.swift */ = {isa = PBXFileReference; lastKnownFileType = sourcecode.swift; path = ViewController.swift; sourceTree = "<group>"; };
		814C1B141BB0362300A388EC /* Base */ = {isa = PBXFileReference; lastKnownFileType = file.storyboard; name = Base; path = Base.lproj/Main.storyboard; sourceTree = "<group>"; };
		814C1B161BB0362300A388EC /* Assets.xcassets */ = {isa = PBXFileReference; lastKnownFileType = folder.assetcatalog; path = Assets.xcassets; sourceTree = "<group>"; };
		814C1B191BB0362300A388EC /* Base */ = {isa = PBXFileReference; lastKnownFileType = file.storyboard; name = Base; path = Base.lproj/LaunchScreen.storyboard; sourceTree = "<group>"; };
		814C1B1B1BB0362300A388EC /* Info.plist */ = {isa = PBXFileReference; lastKnownFileType = text.plist.xml; path = Info.plist; sourceTree = "<group>"; };
/* End PBXFileReference section */

/* Begin PBXFrameworksBuildPhase section */
		814C1B091BB0362300A388EC /* Frameworks */ = {
			isa = PBXFrameworksBuildPhase;
			buildActionMask = 2147483647;
			files = (
			);
			runOnlyForDeploymentPostprocessing = 0;
		};
/* End PBXFrameworksBuildPhase section */

/* Begin PBXGroup section */
		814C1B031BB0362300A388EC = {
			isa = PBXGroup;
			children = (
				814C1B0E1BB0362300A388EC /* GPSTest */,
				814C1B0D1BB0362300A388EC /* Products */,
			);
			sourceTree = "<group>";
		};
		814C1B0D1BB0362300A388EC /* Products */ = {
			isa = PBXGroup;
			children = (
				814C1B0C1BB0362300A388EC /* GPSTest.app */,
			);
			name = Products;
			sourceTree = "<group>";
		};
		814C1B0E1BB0362300A388EC /* GPSTest */ = {
			isa = PBXGroup;
			children = (
				814C1B0F1BB0362300A388EC /* AppDelegate.swift */,
				814C1B111BB0362300A388EC /* ViewController.swift */,
				814C1B131BB0362300A388EC /* Main.storyboard */,
				814C1B161BB0362300A388EC /* Assets.xcassets */,
				814C1B181BB0362300A388EC /* LaunchScreen.storyboard */,
				814C1B1B1BB0362300A388EC /* Info.plist */,
			);
			path = GPSTest;
			sourceTree = "<group>";
		};
/* End PBXGroup section */

/* Begin PBXNativeTarget section */
		814C1B0B1BB0362300A388EC /* GPSTest */ = {
			isa = PBXNativeTarget;
			buildConfigurationList = 814C1B1E1BB0362300A388EC /* Build configuration list for PBXNativeTarget "GPSTest" */;
			buildPhases = (
				814C1B081BB0362300A388EC /* Sources */,
				814C1B091BB0362300A388EC /* Frameworks */,
				814C1B0A1BB0362300A388EC /* Resources */,
			);
			buildRules = (
			);
			dependencies = (
			);
			name = GPSTest;
			productName = GPSTest;
			productReference = 814C1B0C1BB0362300A388EC /* GPSTest.app */;
			productType = "com.apple.product-type.application";
		};
/* End PBXNativeTarget section */

/* Begin PBXProject section */
		814C1B041BB0362300A388EC /* Project object */ = {
			isa = PBXProject;
			attributes = {
				LastUpgradeCheck = 0700;
				ORGANIZATIONNAME = "Team BZT";
				TargetAttributes = {
					814C1B0B1BB0362300A388EC = {
						CreatedOnToolsVersion = 7.0;
						DevelopmentTeam = HP69ADE7VM;
					};
				};
			};
			buildConfigurationList = 814C1B071BB0362300A388EC /* Build configuration list for PBXProject "GPSTest" */;
			compatibilityVersion = "Xcode 3.2";
			developmentRegion = English;
			hasScannedForEncodings = 0;
			knownRegions = (
				en,
				Base,
			);
			mainGroup = 814C1B031BB0362300A388EC;
			productRefGroup = 814C1B0D1BB0362300A388EC /* Products */;
			projectDirPath = "";
			projectRoot = "";
			targets = (
				814C1B0B1BB0362300A388EC /* GPSTest */,
			);
		};
/* End PBXProject section */

/* Begin PBXResourcesBuildPhase section */
		814C1B0A1BB0362300A388EC /* Resources */ = {
			isa = PBXResourcesBuildPhase;
			buildActionMask = 2147483647;
			files = (
				814C1B1A1BB0362300A388EC /* LaunchScreen.storyboard in Resources */,
				814C1B171BB0362300A388EC /* Assets.xcassets in Resources */,
				814C1B151BB0362300A388EC /* Main.storyboard in Resources */,
			);
			runOnlyForDeploymentPostprocessing = 0;
		};
/* End PBXResourcesBuildPhase section */

/* Begin PBXSourcesBuildPhase section */
		814C1B081BB0362300A388EC /* Sources */ = {
			isa = PBXSourcesBuildPhase;
			buildActionMask = 2147483647;
			files = (
				814C1B121BB0362300A388EC /* ViewController.swift in Sources */,
				814C1B101BB0362300A388EC /* AppDelegate.swift in Sources */,
			);
			runOnlyForDeploymentPostprocessing = 0;
		};
/* End PBXSourcesBuildPhase section */

/* Begin PBXVariantGroup section */
		814C1B131BB0362300A388EC /* Main.storyboard */ = {
			isa = PBXVariantGroup;
			children = (
				814C1B141BB0362300A388EC /* Base */,
			);
			name = Main.storyboard;
			sourceTree = "<group>";
		};
		814C1B181BB0362300A388EC /* LaunchScreen.storyboard */ = {
			isa = PBXVariantGroup;
			children = (
				814C1B191BB0362300A388EC /* Base */,
			);
			name = LaunchScreen.storyboard;
			sourceTree = "<group>";
		};
/* End PBXVariantGroup section */

/* Begin XCBuildConfiguration section */
		814C1B1C1BB0362300A388EC /* Debug */ = {
			isa = XCBuildConfiguration;
			buildSettings = {
				ALWAYS_SEARCH_USER_PATHS = NO;
				CLANG_CXX_LANGUAGE_STANDARD = "gnu++0x";
				CLANG_CXX_LIBRARY = "libc++";
				CLANG_ENABLE_MODULES = YES;
				CLANG_ENABLE_OBJC_ARC = YES;
				CLANG_WARN_BOOL_CONVERSION = YES;
				CLANG_WARN_CONSTANT_CONVERSION = YES;
				CLANG_WARN_DIRECT_OBJC_ISA_USAGE = YES_ERROR;
				CLANG_WARN_EMPTY_BODY = YES;
				CLANG_WARN_ENUM_CONVERSION = YES;
				CLANG_WARN_INT_CONVERSION = YES;
				CLANG_WARN_OBJC_ROOT_CLASS = YES_ERROR;
				CLANG_WARN_UNREACHABLE_CODE = YES;
				CLANG_WARN__DUPLICATE_METHOD_MATCH = YES;
				"CODE_SIGN_IDENTITY[sdk=iphoneos*]" = "iPhone Developer";
				COPY_PHASE_STRIP = NO;
				DEBUG_INFORMATION_FORMAT = dwarf;
				ENABLE_STRICT_OBJC_MSGSEND = YES;
				ENABLE_TESTABILITY = YES;
				GCC_C_LANGUAGE_STANDARD = gnu99;
				GCC_DYNAMIC_NO_PIC = NO;
				GCC_NO_COMMON_BLOCKS = YES;
				GCC_OPTIMIZATION_LEVEL = 0;
				GCC_PREPROCESSOR_DEFINITIONS = (
					"DEBUG=1",
					"$(inherited)",
				);
				GCC_WARN_64_TO_32_BIT_CONVERSION = YES;
				GCC_WARN_ABOUT_RETURN_TYPE = YES_ERROR;
				GCC_WARN_UNDECLARED_SELECTOR = YES;
				GCC_WARN_UNINITIALIZED_AUTOS = YES_AGGRESSIVE;
				GCC_WARN_UNUSED_FUNCTION = YES;
				GCC_WARN_UNUSED_VARIABLE = YES;
				IPHONEOS_DEPLOYMENT_TARGET = 9.0;
				MTL_ENABLE_DEBUG_INFO = YES;
				ONLY_ACTIVE_ARCH = YES;
				SDKROOT = iphoneos;
				SWIFT_OPTIMIZATION_LEVEL = "-Onone";
			};
			name = Debug;
		};
		814C1B1D1BB0362300A388EC /* Release */ = {
			isa = XCBuildConfiguration;
			buildSettings = {
				ALWAYS_SEARCH_USER_PATHS = NO;
				CLANG_CXX_LANGUAGE_STANDARD = "gnu++0x";
				CLANG_CXX_LIBRARY = "libc++";
				CLANG_ENABLE_MODULES = YES;
				CLANG_ENABLE_OBJC_ARC = YES;
				CLANG_WARN_BOOL_CONVERSION = YES;
				CLANG_WARN_CONSTANT_CONVERSION = YES;
				CLANG_WARN_DIRECT_OBJC_ISA_USAGE = YES_ERROR;
				CLANG_WARN_EMPTY_BODY = YES;
				CLANG_WARN_ENUM_CONVERSION = YES;
				CLANG_WARN_INT_CONVERSION = YES;
				CLANG_WARN_OBJC_ROOT_CLASS = YES_ERROR;
				CLANG_WARN_UNREACHABLE_CODE = YES;
				CLANG_WARN__DUPLICATE_METHOD_MATCH = YES;
				"CODE_SIGN_IDENTITY[sdk=iphoneos*]" = "iPhone Developer";
				COPY_PHASE_STRIP = NO;
				DEBUG_INFORMATION_FORMAT = "dwarf-with-dsym";
				ENABLE_NS_ASSERTIONS = NO;
				ENABLE_STRICT_OBJC_MSGSEND = YES;
				GCC_C_LANGUAGE_STANDARD = gnu99;
				GCC_NO_COMMON_BLOCKS = YES;
				GCC_WARN_64_TO_32_BIT_CONVERSION = YES;
				GCC_WARN_ABOUT_RETURN_TYPE = YES_ERROR;
				GCC_WARN_UNDECLARED_SELECTOR = YES;
				GCC_WARN_UNINITIALIZED_AUTOS = YES_AGGRESSIVE;
				GCC_WARN_UNUSED_FUNCTION = YES;
				GCC_WARN_UNUSED_VARIABLE = YES;
				IPHONEOS_DEPLOYMENT_TARGET = 9.0;
				MTL_ENABLE_DEBUG_INFO = NO;
				SDKROOT = iphoneos;
				VALIDATE_PRODUCT = YES;
			};
			name = Release;
		};
		814C1B1F1BB0362300A388EC /* Debug */ = {
			isa = XCBuildConfiguration;
			buildSettings = {
				ASSETCATALOG_COMPILER_APPICON_NAME = AppIcon;
				INFOPLIST_FILE = GPSTest/Info.plist;
				LD_RUNPATH_SEARCH_PATHS = "$(inherited) @executable_path/Frameworks";
				PRODUCT_BUNDLE_IDENTIFIER = ch.appquest.GPSTest;
				PRODUCT_NAME = "$(TARGET_NAME)";
			};
			name = Debug;
		};
		814C1B201BB0362300A388EC /* Release */ = {
			isa = XCBuildConfiguration;
			buildSettings = {
				ASSETCATALOG_COMPILER_APPICON_NAME = AppIcon;
				INFOPLIST_FILE = GPSTest/Info.plist;
				LD_RUNPATH_SEARCH_PATHS = "$(inherited) @executable_path/Frameworks";
				PRODUCT_BUNDLE_IDENTIFIER = ch.appquest.GPSTest;
				PRODUCT_NAME = "$(TARGET_NAME)";
			};
			name = Release;
		};
/* End XCBuildConfiguration section */

/* Begin XCConfigurationList section */
		814C1B071BB0362300A388EC /* Build configuration list for PBXProject "GPSTest" */ = {
			isa = XCConfigurationList;
			buildConfigurations = (
				814C1B1C1BB0362300A388EC /* Debug */,
				814C1B1D1BB0362300A388EC /* Release */,
			);
			defaultConfigurationIsVisible = 0;
			defaultConfigurationName = Release;
		};
		814C1B1E1BB0362300A388EC /* Build configuration list for PBXNativeTarget "GPSTest" */ = {
			isa = XCConfigurationList;
			buildConfigurations = (
				814C1B1F1BB0362300A388EC /* Debug */,
				814C1B201BB0362300A388EC /* Release */,
			);
			defaultConfigurationIsVisible = 0;
		};
/* End XCConfigurationList section */
	};
	rootObject = 814C1B041BB0362300A388EC /* Project object */;
}
