// !$*UTF8*$!
{
	archiveVersion = 1;
	classes = {
	};
	objectVersion = 46;
	objects = {

/* Begin PBXBuildFile section */
		1E066C101B998FB200EAA478 /* PixelGridView.swift in Sources */ = {isa = PBXBuildFile; fileRef = 1E066C0F1B998FB200EAA478 /* PixelGridView.swift */; };
		1E4D66E51B99703E005FA3CB /* AppDelegate.swift in Sources */ = {isa = PBXBuildFile; fileRef = 1E4D66E41B99703E005FA3CB /* AppDelegate.swift */; };
		1E4D66E71B99703E005FA3CB /* MainViewController.swift in Sources */ = {isa = PBXBuildFile; fileRef = 1E4D66E61B99703E005FA3CB /* MainViewController.swift */; };
		1E4D66EA1B99703E005FA3CB /* Main.storyboard in Resources */ = {isa = PBXBuildFile; fileRef = 1E4D66E81B99703E005FA3CB /* Main.storyboard */; };
		1E4D66EC1B99703E005FA3CB /* Assets.xcassets in Resources */ = {isa = PBXBuildFile; fileRef = 1E4D66EB1B99703E005FA3CB /* Assets.xcassets */; };
		1E4D66EF1B99703E005FA3CB /* LaunchScreen.storyboard in Resources */ = {isa = PBXBuildFile; fileRef = 1E4D66ED1B99703E005FA3CB /* LaunchScreen.storyboard */; };
		1E4D66F71B9970C4005FA3CB /* LineIntersection.swift in Sources */ = {isa = PBXBuildFile; fileRef = 1E4D66F61B9970C4005FA3CB /* LineIntersection.swift */; };
		1E4D66F91B99711D005FA3CB /* UIColorExtension.swift in Sources */ = {isa = PBXBuildFile; fileRef = 1E4D66F81B99711D005FA3CB /* UIColorExtension.swift */; };
		1E4D66FB1B99715B005FA3CB /* ColorControlView.swift in Sources */ = {isa = PBXBuildFile; fileRef = 1E4D66FA1B99715B005FA3CB /* ColorControlView.swift */; };
		1E4D66FD1B99718B005FA3CB /* TouchTrackerView.swift in Sources */ = {isa = PBXBuildFile; fileRef = 1E4D66FC1B99718B005FA3CB /* TouchTrackerView.swift */; };
		1E4D66FF1B9971FB005FA3CB /* SolutionLogger.swift in Sources */ = {isa = PBXBuildFile; fileRef = 1E4D66FE1B9971FB005FA3CB /* SolutionLogger.swift */; };
/* End PBXBuildFile section */

/* Begin PBXFileReference section */
		1E066C0F1B998FB200EAA478 /* PixelGridView.swift */ = {isa = PBXFileReference; fileEncoding = 4; lastKnownFileType = sourcecode.swift; path = PixelGridView.swift; sourceTree = "<group>"; };
		1E4D66E11B99703E005FA3CB /* PixelDraw.app */ = {isa = PBXFileReference; explicitFileType = wrapper.application; includeInIndex = 0; path = PixelDraw.app; sourceTree = BUILT_PRODUCTS_DIR; };
		1E4D66E41B99703E005FA3CB /* AppDelegate.swift */ = {isa = PBXFileReference; lastKnownFileType = sourcecode.swift; path = AppDelegate.swift; sourceTree = "<group>"; };
		1E4D66E61B99703E005FA3CB /* MainViewController.swift */ = {isa = PBXFileReference; lastKnownFileType = sourcecode.swift; path = MainViewController.swift; sourceTree = "<group>"; };
		1E4D66E91B99703E005FA3CB /* Base */ = {isa = PBXFileReference; lastKnownFileType = file.storyboard; name = Base; path = Base.lproj/Main.storyboard; sourceTree = "<group>"; };
		1E4D66EB1B99703E005FA3CB /* Assets.xcassets */ = {isa = PBXFileReference; lastKnownFileType = folder.assetcatalog; path = Assets.xcassets; sourceTree = "<group>"; };
		1E4D66EE1B99703E005FA3CB /* Base */ = {isa = PBXFileReference; lastKnownFileType = file.storyboard; name = Base; path = Base.lproj/LaunchScreen.storyboard; sourceTree = "<group>"; };
		1E4D66F01B99703E005FA3CB /* Info.plist */ = {isa = PBXFileReference; lastKnownFileType = text.plist.xml; path = Info.plist; sourceTree = "<group>"; };
		1E4D66F61B9970C4005FA3CB /* LineIntersection.swift */ = {isa = PBXFileReference; fileEncoding = 4; lastKnownFileType = sourcecode.swift; path = LineIntersection.swift; sourceTree = "<group>"; };
		1E4D66F81B99711D005FA3CB /* UIColorExtension.swift */ = {isa = PBXFileReference; fileEncoding = 4; lastKnownFileType = sourcecode.swift; path = UIColorExtension.swift; sourceTree = "<group>"; };
		1E4D66FA1B99715B005FA3CB /* ColorControlView.swift */ = {isa = PBXFileReference; fileEncoding = 4; lastKnownFileType = sourcecode.swift; path = ColorControlView.swift; sourceTree = "<group>"; };
		1E4D66FC1B99718B005FA3CB /* TouchTrackerView.swift */ = {isa = PBXFileReference; fileEncoding = 4; lastKnownFileType = sourcecode.swift; path = TouchTrackerView.swift; sourceTree = "<group>"; };
		1E4D66FE1B9971FB005FA3CB /* SolutionLogger.swift */ = {isa = PBXFileReference; fileEncoding = 4; lastKnownFileType = sourcecode.swift; path = SolutionLogger.swift; sourceTree = "<group>"; };
/* End PBXFileReference section */

/* Begin PBXFrameworksBuildPhase section */
		1E4D66DE1B99703E005FA3CB /* Frameworks */ = {
			isa = PBXFrameworksBuildPhase;
			buildActionMask = 2147483647;
			files = (
			);
			runOnlyForDeploymentPostprocessing = 0;
		};
/* End PBXFrameworksBuildPhase section */

/* Begin PBXGroup section */
		1E4D66D81B99703E005FA3CB = {
			isa = PBXGroup;
			children = (
				1E4D66E31B99703E005FA3CB /* PixelDraw */,
				1E4D66E21B99703E005FA3CB /* Products */,
			);
			sourceTree = "<group>";
		};
		1E4D66E21B99703E005FA3CB /* Products */ = {
			isa = PBXGroup;
			children = (
				1E4D66E11B99703E005FA3CB /* PixelDraw.app */,
			);
			name = Products;
			sourceTree = "<group>";
		};
		1E4D66E31B99703E005FA3CB /* PixelDraw */ = {
			isa = PBXGroup;
			children = (
				1E66B1021BFF630900E2D126 /* Vorgaben */,
				1E4D66E61B99703E005FA3CB /* MainViewController.swift */,
				1E066C0F1B998FB200EAA478 /* PixelGridView.swift */,
				1E4D66EB1B99703E005FA3CB /* Assets.xcassets */,
				1E4D66E81B99703E005FA3CB /* Main.storyboard */,
				1E4D66ED1B99703E005FA3CB /* LaunchScreen.storyboard */,
				1E4D66F01B99703E005FA3CB /* Info.plist */,
			);
			path = PixelDraw;
			sourceTree = "<group>";
		};
		1E66B1021BFF630900E2D126 /* Vorgaben */ = {
			isa = PBXGroup;
			children = (
				1E4D66E41B99703E005FA3CB /* AppDelegate.swift */,
				1E4D66FC1B99718B005FA3CB /* TouchTrackerView.swift */,
				1E4D66FA1B99715B005FA3CB /* ColorControlView.swift */,
				1E4D66F81B99711D005FA3CB /* UIColorExtension.swift */,
				1E4D66F61B9970C4005FA3CB /* LineIntersection.swift */,
				1E4D66FE1B9971FB005FA3CB /* SolutionLogger.swift */,
			);
			name = Vorgaben;
			sourceTree = "<group>";
		};
/* End PBXGroup section */

/* Begin PBXNativeTarget section */
		1E4D66E01B99703E005FA3CB /* PixelDraw */ = {
			isa = PBXNativeTarget;
			buildConfigurationList = 1E4D66F31B99703E005FA3CB /* Build configuration list for PBXNativeTarget "PixelDraw" */;
			buildPhases = (
				1E4D66DD1B99703E005FA3CB /* Sources */,
				1E4D66DE1B99703E005FA3CB /* Frameworks */,
				1E4D66DF1B99703E005FA3CB /* Resources */,
			);
			buildRules = (
			);
			dependencies = (
			);
			name = PixelDraw;
			productName = PixelDraw;
			productReference = 1E4D66E11B99703E005FA3CB /* PixelDraw.app */;
			productType = "com.apple.product-type.application";
		};
/* End PBXNativeTarget section */

/* Begin PBXProject section */
		1E4D66D91B99703E005FA3CB /* Project object */ = {
			isa = PBXProject;
			attributes = {
				LastSwiftUpdateCheck = 0710;
				LastUpgradeCheck = 0700;
				ORGANIZATIONNAME = "Toni Suter";
				TargetAttributes = {
					1E4D66E01B99703E005FA3CB = {
						CreatedOnToolsVersion = 7.0;
						DevelopmentTeam = HP69ADE7VM;
					};
				};
			};
			buildConfigurationList = 1E4D66DC1B99703E005FA3CB /* Build configuration list for PBXProject "PixelDraw" */;
			compatibilityVersion = "Xcode 3.2";
			developmentRegion = English;
			hasScannedForEncodings = 0;
			knownRegions = (
				en,
				Base,
			);
			mainGroup = 1E4D66D81B99703E005FA3CB;
			productRefGroup = 1E4D66E21B99703E005FA3CB /* Products */;
			projectDirPath = "";
			projectRoot = "";
			targets = (
				1E4D66E01B99703E005FA3CB /* PixelDraw */,
			);
		};
/* End PBXProject section */

/* Begin PBXResourcesBuildPhase section */
		1E4D66DF1B99703E005FA3CB /* Resources */ = {
			isa = PBXResourcesBuildPhase;
			buildActionMask = 2147483647;
			files = (
				1E4D66EF1B99703E005FA3CB /* LaunchScreen.storyboard in Resources */,
				1E4D66EC1B99703E005FA3CB /* Assets.xcassets in Resources */,
				1E4D66EA1B99703E005FA3CB /* Main.storyboard in Resources */,
			);
			runOnlyForDeploymentPostprocessing = 0;
		};
/* End PBXResourcesBuildPhase section */

/* Begin PBXSourcesBuildPhase section */
		1E4D66DD1B99703E005FA3CB /* Sources */ = {
			isa = PBXSourcesBuildPhase;
			buildActionMask = 2147483647;
			files = (
				1E4D66E71B99703E005FA3CB /* MainViewController.swift in Sources */,
				1E066C101B998FB200EAA478 /* PixelGridView.swift in Sources */,
				1E4D66F71B9970C4005FA3CB /* LineIntersection.swift in Sources */,
				1E4D66FB1B99715B005FA3CB /* ColorControlView.swift in Sources */,
				1E4D66FD1B99718B005FA3CB /* TouchTrackerView.swift in Sources */,
				1E4D66E51B99703E005FA3CB /* AppDelegate.swift in Sources */,
				1E4D66F91B99711D005FA3CB /* UIColorExtension.swift in Sources */,
				1E4D66FF1B9971FB005FA3CB /* SolutionLogger.swift in Sources */,
			);
			runOnlyForDeploymentPostprocessing = 0;
		};
/* End PBXSourcesBuildPhase section */

/* Begin PBXVariantGroup section */
		1E4D66E81B99703E005FA3CB /* Main.storyboard */ = {
			isa = PBXVariantGroup;
			children = (
				1E4D66E91B99703E005FA3CB /* Base */,
			);
			name = Main.storyboard;
			sourceTree = "<group>";
		};
		1E4D66ED1B99703E005FA3CB /* LaunchScreen.storyboard */ = {
			isa = PBXVariantGroup;
			children = (
				1E4D66EE1B99703E005FA3CB /* Base */,
			);
			name = LaunchScreen.storyboard;
			sourceTree = "<group>";
		};
/* End PBXVariantGroup section */

/* Begin XCBuildConfiguration section */
		1E4D66F11B99703E005FA3CB /* Debug */ = {
			isa = XCBuildConfiguration;
			buildSettings = {
				ALWAYS_SEARCH_USER_PATHS = NO;
				CLANG_CXX_LANGUAGE_STANDARD = "gnu++0x";
				CLANG_CXX_LIBRARY = "libc++";
				CLANG_ENABLE_MODULES = YES;
				CLANG_ENABLE_OBJC_ARC = YES;
				CLANG_WARN_BOOL_CONVERSION = YES;
				CLANG_WARN_CONSTANT_CONVERSION = YES;
				CLANG_WARN_DIRECT_OBJC_ISA_USAGE = YES_ERROR;
				CLANG_WARN_EMPTY_BODY = YES;
				CLANG_WARN_ENUM_CONVERSION = YES;
				CLANG_WARN_INT_CONVERSION = YES;
				CLANG_WARN_OBJC_ROOT_CLASS = YES_ERROR;
				CLANG_WARN_UNREACHABLE_CODE = YES;
				CLANG_WARN__DUPLICATE_METHOD_MATCH = YES;
				"CODE_SIGN_IDENTITY[sdk=iphoneos*]" = "iPhone Developer";
				COPY_PHASE_STRIP = NO;
				DEBUG_INFORMATION_FORMAT = dwarf;
				ENABLE_STRICT_OBJC_MSGSEND = YES;
				ENABLE_TESTABILITY = YES;
				GCC_C_LANGUAGE_STANDARD = gnu99;
				GCC_DYNAMIC_NO_PIC = NO;
				GCC_NO_COMMON_BLOCKS = YES;
				GCC_OPTIMIZATION_LEVEL = 0;
				GCC_PREPROCESSOR_DEFINITIONS = (
					"DEBUG=1",
					"$(inherited)",
				);
				GCC_WARN_64_TO_32_BIT_CONVERSION = YES;
				GCC_WARN_ABOUT_RETURN_TYPE = YES_ERROR;
				GCC_WARN_UNDECLARED_SELECTOR = YES;
				GCC_WARN_UNINITIALIZED_AUTOS = YES_AGGRESSIVE;
				GCC_WARN_UNUSED_FUNCTION = YES;
				GCC_WARN_UNUSED_VARIABLE = YES;
				IPHONEOS_DEPLOYMENT_TARGET = 9.0;
				MTL_ENABLE_DEBUG_INFO = YES;
				ONLY_ACTIVE_ARCH = YES;
				SDKROOT = iphoneos;
				SWIFT_OPTIMIZATION_LEVEL = "-Onone";
			};
			name = Debug;
		};
		1E4D66F21B99703E005FA3CB /* Release */ = {
			isa = XCBuildConfiguration;
			buildSettings = {
				ALWAYS_SEARCH_USER_PATHS = NO;
				CLANG_CXX_LANGUAGE_STANDARD = "gnu++0x";
				CLANG_CXX_LIBRARY = "libc++";
				CLANG_ENABLE_MODULES = YES;
				CLANG_ENABLE_OBJC_ARC = YES;
				CLANG_WARN_BOOL_CONVERSION = YES;
				CLANG_WARN_CONSTANT_CONVERSION = YES;
				CLANG_WARN_DIRECT_OBJC_ISA_USAGE = YES_ERROR;
				CLANG_WARN_EMPTY_BODY = YES;
				CLANG_WARN_ENUM_CONVERSION = YES;
				CLANG_WARN_INT_CONVERSION = YES;
				CLANG_WARN_OBJC_ROOT_CLASS = YES_ERROR;
				CLANG_WARN_UNREACHABLE_CODE = YES;
				CLANG_WARN__DUPLICATE_METHOD_MATCH = YES;
				"CODE_SIGN_IDENTITY[sdk=iphoneos*]" = "iPhone Developer";
				COPY_PHASE_STRIP = NO;
				DEBUG_INFORMATION_FORMAT = "dwarf-with-dsym";
				ENABLE_NS_ASSERTIONS = NO;
				ENABLE_STRICT_OBJC_MSGSEND = YES;
				GCC_C_LANGUAGE_STANDARD = gnu99;
				GCC_NO_COMMON_BLOCKS = YES;
				GCC_WARN_64_TO_32_BIT_CONVERSION = YES;
				GCC_WARN_ABOUT_RETURN_TYPE = YES_ERROR;
				GCC_WARN_UNDECLARED_SELECTOR = YES;
				GCC_WARN_UNINITIALIZED_AUTOS = YES_AGGRESSIVE;
				GCC_WARN_UNUSED_FUNCTION = YES;
				GCC_WARN_UNUSED_VARIABLE = YES;
				IPHONEOS_DEPLOYMENT_TARGET = 9.0;
				MTL_ENABLE_DEBUG_INFO = NO;
				SDKROOT = iphoneos;
				VALIDATE_PRODUCT = YES;
			};
			name = Release;
		};
		1E4D66F41B99703E005FA3CB /* Debug */ = {
			isa = XCBuildConfiguration;
			buildSettings = {
				ASSETCATALOG_COMPILER_APPICON_NAME = AppIcon;
				CODE_SIGN_IDENTITY = "iPhone Developer";
				"CODE_SIGN_IDENTITY[sdk=iphoneos*]" = "iPhone Developer";
				INFOPLIST_FILE = PixelDraw/Info.plist;
				LD_RUNPATH_SEARCH_PATHS = "$(inherited) @executable_path/Frameworks";
				PRODUCT_BUNDLE_IDENTIFIER = ch.appquest.PixelDraw;
				PRODUCT_NAME = "$(TARGET_NAME)";
				PROVISIONING_PROFILE = "";
			};
			name = Debug;
		};
		1E4D66F51B99703E005FA3CB /* Release */ = {
			isa = XCBuildConfiguration;
			buildSettings = {
				ASSETCATALOG_COMPILER_APPICON_NAME = AppIcon;
				CODE_SIGN_IDENTITY = "iPhone Developer";
				"CODE_SIGN_IDENTITY[sdk=iphoneos*]" = "iPhone Developer";
				INFOPLIST_FILE = PixelDraw/Info.plist;
				LD_RUNPATH_SEARCH_PATHS = "$(inherited) @executable_path/Frameworks";
				PRODUCT_BUNDLE_IDENTIFIER = ch.appquest.PixelDraw;
				PRODUCT_NAME = "$(TARGET_NAME)";
				PROVISIONING_PROFILE = "";
			};
			name = Release;
		};
/* End XCBuildConfiguration section */

/* Begin XCConfigurationList section */
		1E4D66DC1B99703E005FA3CB /* Build configuration list for PBXProject "PixelDraw" */ = {
			isa = XCConfigurationList;
			buildConfigurations = (
				1E4D66F11B99703E005FA3CB /* Debug */,
				1E4D66F21B99703E005FA3CB /* Release */,
			);
			defaultConfigurationIsVisible = 0;
			defaultConfigurationName = Release;
		};
		1E4D66F31B99703E005FA3CB /* Build configuration list for PBXNativeTarget "PixelDraw" */ = {
			isa = XCConfigurationList;
			buildConfigurations = (
				1E4D66F41B99703E005FA3CB /* Debug */,
				1E4D66F51B99703E005FA3CB /* Release */,
			);
			defaultConfigurationIsVisible = 0;
			defaultConfigurationName = Release;
		};
/* End XCConfigurationList section */
	};
	rootObject = 1E4D66D91B99703E005FA3CB /* Project object */;
}
