// !$*UTF8*$!
{
	archiveVersion = 1;
	classes = {
	};
	objectVersion = 46;
	objects = {

/* Begin PBXBuildFile section */
		F95BE3C41BAD7D79002C4927 /* AppDelegate.swift in Sources */ = {isa = PBXBuildFile; fileRef = F95BE3C31BAD7D79002C4927 /* AppDelegate.swift */; };
		F95BE3C61BAD7D79002C4927 /* ViewController.swift in Sources */ = {isa = PBXBuildFile; fileRef = F95BE3C51BAD7D79002C4927 /* ViewController.swift */; };
		F95BE3C91BAD7D79002C4927 /* Main.storyboard in Resources */ = {isa = PBXBuildFile; fileRef = F95BE3C71BAD7D79002C4927 /* Main.storyboard */; };
		F95BE3CB1BAD7D79002C4927 /* Assets.xcassets in Resources */ = {isa = PBXBuildFile; fileRef = F95BE3CA1BAD7D79002C4927 /* Assets.xcassets */; };
		F95BE3CE1BAD7D79002C4927 /* LaunchScreen.storyboard in Resources */ = {isa = PBXBuildFile; fileRef = F95BE3CC1BAD7D79002C4927 /* LaunchScreen.storyboard */; };
/* End PBXBuildFile section */

/* Begin PBXFileReference section */
		F95BE3C01BAD7D79002C4927 /* MetallDetektor.app */ = {isa = PBXFileReference; explicitFileType = wrapper.application; includeInIndex = 0; path = MetallDetektor.app; sourceTree = BUILT_PRODUCTS_DIR; };
		F95BE3C31BAD7D79002C4927 /* AppDelegate.swift */ = {isa = PBXFileReference; lastKnownFileType = sourcecode.swift; path = AppDelegate.swift; sourceTree = "<group>"; };
		F95BE3C51BAD7D79002C4927 /* ViewController.swift */ = {isa = PBXFileReference; lastKnownFileType = sourcecode.swift; path = ViewController.swift; sourceTree = "<group>"; };
		F95BE3C81BAD7D79002C4927 /* Base */ = {isa = PBXFileReference; lastKnownFileType = file.storyboard; name = Base; path = Base.lproj/Main.storyboard; sourceTree = "<group>"; };
		F95BE3CA1BAD7D79002C4927 /* Assets.xcassets */ = {isa = PBXFileReference; lastKnownFileType = folder.assetcatalog; path = Assets.xcassets; sourceTree = "<group>"; };
		F95BE3CD1BAD7D79002C4927 /* Base */ = {isa = PBXFileReference; lastKnownFileType = file.storyboard; name = Base; path = Base.lproj/LaunchScreen.storyboard; sourceTree = "<group>"; };
		F95BE3CF1BAD7D79002C4927 /* Info.plist */ = {isa = PBXFileReference; lastKnownFileType = text.plist.xml; path = Info.plist; sourceTree = "<group>"; };
/* End PBXFileReference section */

/* Begin PBXFrameworksBuildPhase section */
		F95BE3BD1BAD7D79002C4927 /* Frameworks */ = {
			isa = PBXFrameworksBuildPhase;
			buildActionMask = 2147483647;
			files = (
			);
			runOnlyForDeploymentPostprocessing = 0;
		};
/* End PBXFrameworksBuildPhase section */

/* Begin PBXGroup section */
		F95BE3B71BAD7D79002C4927 = {
			isa = PBXGroup;
			children = (
				F95BE3C21BAD7D79002C4927 /* MetallDetektor */,
				F95BE3C11BAD7D79002C4927 /* Products */,
			);
			sourceTree = "<group>";
		};
		F95BE3C11BAD7D79002C4927 /* Products */ = {
			isa = PBXGroup;
			children = (
				F95BE3C01BAD7D79002C4927 /* MetallDetektor.app */,
			);
			name = Products;
			sourceTree = "<group>";
		};
		F95BE3C21BAD7D79002C4927 /* MetallDetektor */ = {
			isa = PBXGroup;
			children = (
				F95BE3C31BAD7D79002C4927 /* AppDelegate.swift */,
				F95BE3C51BAD7D79002C4927 /* ViewController.swift */,
				F95BE3C71BAD7D79002C4927 /* Main.storyboard */,
				F95BE3CA1BAD7D79002C4927 /* Assets.xcassets */,
				F95BE3CC1BAD7D79002C4927 /* LaunchScreen.storyboard */,
				F95BE3CF1BAD7D79002C4927 /* Info.plist */,
			);
			path = MetallDetektor;
			sourceTree = "<group>";
		};
/* End PBXGroup section */

/* Begin PBXNativeTarget section */
		F95BE3BF1BAD7D79002C4927 /* MetallDetektor */ = {
			isa = PBXNativeTarget;
			buildConfigurationList = F95BE3D21BAD7D79002C4927 /* Build configuration list for PBXNativeTarget "MetallDetektor" */;
			buildPhases = (
				F95BE3BC1BAD7D79002C4927 /* Sources */,
				F95BE3BD1BAD7D79002C4927 /* Frameworks */,
				F95BE3BE1BAD7D79002C4927 /* Resources */,
			);
			buildRules = (
			);
			dependencies = (
			);
			name = MetallDetektor;
			productName = MetallDetektor;
			productReference = F95BE3C01BAD7D79002C4927 /* MetallDetektor.app */;
			productType = "com.apple.product-type.application";
		};
/* End PBXNativeTarget section */

/* Begin PBXProject section */
		F95BE3B81BAD7D79002C4927 /* Project object */ = {
			isa = PBXProject;
			attributes = {
				LastUpgradeCheck = 0700;
				ORGANIZATIONNAME = "Team BZT";
				TargetAttributes = {
					F95BE3BF1BAD7D79002C4927 = {
						CreatedOnToolsVersion = 7.0;
					};
				};
			};
			buildConfigurationList = F95BE3BB1BAD7D79002C4927 /* Build configuration list for PBXProject "MetallDetektor" */;
			compatibilityVersion = "Xcode 3.2";
			developmentRegion = English;
			hasScannedForEncodings = 0;
			knownRegions = (
				en,
				Base,
			);
			mainGroup = F95BE3B71BAD7D79002C4927;
			productRefGroup = F95BE3C11BAD7D79002C4927 /* Products */;
			projectDirPath = "";
			projectRoot = "";
			targets = (
				F95BE3BF1BAD7D79002C4927 /* MetallDetektor */,
			);
		};
/* End PBXProject section */

/* Begin PBXResourcesBuildPhase section */
		F95BE3BE1BAD7D79002C4927 /* Resources */ = {
			isa = PBXResourcesBuildPhase;
			buildActionMask = 2147483647;
			files = (
				F95BE3CE1BAD7D79002C4927 /* LaunchScreen.storyboard in Resources */,
				F95BE3CB1BAD7D79002C4927 /* Assets.xcassets in Resources */,
				F95BE3C91BAD7D79002C4927 /* Main.storyboard in Resources */,
			);
			runOnlyForDeploymentPostprocessing = 0;
		};
/* End PBXResourcesBuildPhase section */

/* Begin PBXSourcesBuildPhase section */
		F95BE3BC1BAD7D79002C4927 /* Sources */ = {
			isa = PBXSourcesBuildPhase;
			buildActionMask = 2147483647;
			files = (
				F95BE3C61BAD7D79002C4927 /* ViewController.swift in Sources */,
				F95BE3C41BAD7D79002C4927 /* AppDelegate.swift in Sources */,
			);
			runOnlyForDeploymentPostprocessing = 0;
		};
/* End PBXSourcesBuildPhase section */

/* Begin PBXVariantGroup section */
		F95BE3C71BAD7D79002C4927 /* Main.storyboard */ = {
			isa = PBXVariantGroup;
			children = (
				F95BE3C81BAD7D79002C4927 /* Base */,
			);
			name = Main.storyboard;
			sourceTree = "<group>";
		};
		F95BE3CC1BAD7D79002C4927 /* LaunchScreen.storyboard */ = {
			isa = PBXVariantGroup;
			children = (
				F95BE3CD1BAD7D79002C4927 /* Base */,
			);
			name = LaunchScreen.storyboard;
			sourceTree = "<group>";
		};
/* End PBXVariantGroup section */

/* Begin XCBuildConfiguration section */
		F95BE3D01BAD7D79002C4927 /* Debug */ = {
			isa = XCBuildConfiguration;
			buildSettings = {
				ALWAYS_SEARCH_USER_PATHS = NO;
				CLANG_CXX_LANGUAGE_STANDARD = "gnu++0x";
				CLANG_CXX_LIBRARY = "libc++";
				CLANG_ENABLE_MODULES = YES;
				CLANG_ENABLE_OBJC_ARC = YES;
				CLANG_WARN_BOOL_CONVERSION = YES;
				CLANG_WARN_CONSTANT_CONVERSION = YES;
				CLANG_WARN_DIRECT_OBJC_ISA_USAGE = YES_ERROR;
				CLANG_WARN_EMPTY_BODY = YES;
				CLANG_WARN_ENUM_CONVERSION = YES;
				CLANG_WARN_INT_CONVERSION = YES;
				CLANG_WARN_OBJC_ROOT_CLASS = YES_ERROR;
				CLANG_WARN_UNREACHABLE_CODE = YES;
				CLANG_WARN__DUPLICATE_METHOD_MATCH = YES;
				"CODE_SIGN_IDENTITY[sdk=iphoneos*]" = "iPhone Developer";
				COPY_PHASE_STRIP = NO;
				DEBUG_INFORMATION_FORMAT = dwarf;
				ENABLE_STRICT_OBJC_MSGSEND = YES;
				ENABLE_TESTABILITY = YES;
				GCC_C_LANGUAGE_STANDARD = gnu99;
				GCC_DYNAMIC_NO_PIC = NO;
				GCC_NO_COMMON_BLOCKS = YES;
				GCC_OPTIMIZATION_LEVEL = 0;
				GCC_PREPROCESSOR_DEFINITIONS = (
					"DEBUG=1",
					"$(inherited)",
				);
				GCC_WARN_64_TO_32_BIT_CONVERSION = YES;
				GCC_WARN_ABOUT_RETURN_TYPE = YES_ERROR;
				GCC_WARN_UNDECLARED_SELECTOR = YES;
				GCC_WARN_UNINITIALIZED_AUTOS = YES_AGGRESSIVE;
				GCC_WARN_UNUSED_FUNCTION = YES;
				GCC_WARN_UNUSED_VARIABLE = YES;
				IPHONEOS_DEPLOYMENT_TARGET = 9.0;
				MTL_ENABLE_DEBUG_INFO = YES;
				ONLY_ACTIVE_ARCH = YES;
				SDKROOT = iphoneos;
				SWIFT_OPTIMIZATION_LEVEL = "-Onone";
			};
			name = Debug;
		};
		F95BE3D11BAD7D79002C4927 /* Release */ = {
			isa = XCBuildConfiguration;
			buildSettings = {
				ALWAYS_SEARCH_USER_PATHS = NO;
				CLANG_CXX_LANGUAGE_STANDARD = "gnu++0x";
				CLANG_CXX_LIBRARY = "libc++";
				CLANG_ENABLE_MODULES = YES;
				CLANG_ENABLE_OBJC_ARC = YES;
				CLANG_WARN_BOOL_CONVERSION = YES;
				CLANG_WARN_CONSTANT_CONVERSION = YES;
				CLANG_WARN_DIRECT_OBJC_ISA_USAGE = YES_ERROR;
				CLANG_WARN_EMPTY_BODY = YES;
				CLANG_WARN_ENUM_CONVERSION = YES;
				CLANG_WARN_INT_CONVERSION = YES;
				CLANG_WARN_OBJC_ROOT_CLASS = YES_ERROR;
				CLANG_WARN_UNREACHABLE_CODE = YES;
				CLANG_WARN__DUPLICATE_METHOD_MATCH = YES;
				"CODE_SIGN_IDENTITY[sdk=iphoneos*]" = "iPhone Developer";
				COPY_PHASE_STRIP = NO;
				DEBUG_INFORMATION_FORMAT = "dwarf-with-dsym";
				ENABLE_NS_ASSERTIONS = NO;
				ENABLE_STRICT_OBJC_MSGSEND = YES;
				GCC_C_LANGUAGE_STANDARD = gnu99;
				GCC_NO_COMMON_BLOCKS = YES;
				GCC_WARN_64_TO_32_BIT_CONVERSION = YES;
				GCC_WARN_ABOUT_RETURN_TYPE = YES_ERROR;
				GCC_WARN_UNDECLARED_SELECTOR = YES;
				GCC_WARN_UNINITIALIZED_AUTOS = YES_AGGRESSIVE;
				GCC_WARN_UNUSED_FUNCTION = YES;
				GCC_WARN_UNUSED_VARIABLE = YES;
				IPHONEOS_DEPLOYMENT_TARGET = 9.0;
				MTL_ENABLE_DEBUG_INFO = NO;
				SDKROOT = iphoneos;
				VALIDATE_PRODUCT = YES;
			};
			name = Release;
		};
		F95BE3D31BAD7D79002C4927 /* Debug */ = {
			isa = XCBuildConfiguration;
			buildSettings = {
				ASSETCATALOG_COMPILER_APPICON_NAME = AppIcon;
				INFOPLIST_FILE = MetallDetektor/Info.plist;
				LD_RUNPATH_SEARCH_PATHS = "$(inherited) @executable_path/Frameworks";
				PRODUCT_BUNDLE_IDENTIFIER = ch.hsr.appquest.MetallDetektor;
				PRODUCT_NAME = "$(TARGET_NAME)";
			};
			name = Debug;
		};
		F95BE3D41BAD7D79002C4927 /* Release */ = {
			isa = XCBuildConfiguration;
			buildSettings = {
				ASSETCATALOG_COMPILER_APPICON_NAME = AppIcon;
				INFOPLIST_FILE = MetallDetektor/Info.plist;
				LD_RUNPATH_SEARCH_PATHS = "$(inherited) @executable_path/Frameworks";
				PRODUCT_BUNDLE_IDENTIFIER = ch.hsr.appquest.MetallDetektor;
				PRODUCT_NAME = "$(TARGET_NAME)";
			};
			name = Release;
		};
/* End XCBuildConfiguration section */

/* Begin XCConfigurationList section */
		F95BE3BB1BAD7D79002C4927 /* Build configuration list for PBXProject "MetallDetektor" */ = {
			isa = XCConfigurationList;
			buildConfigurations = (
				F95BE3D01BAD7D79002C4927 /* Debug */,
				F95BE3D11BAD7D79002C4927 /* Release */,
			);
			defaultConfigurationIsVisible = 0;
			defaultConfigurationName = Release;
		};
		F95BE3D21BAD7D79002C4927 /* Build configuration list for PBXNativeTarget "MetallDetektor" */ = {
			isa = XCConfigurationList;
			buildConfigurations = (
				F95BE3D31BAD7D79002C4927 /* Debug */,
				F95BE3D41BAD7D79002C4927 /* Release */,
			);
			defaultConfigurationIsVisible = 0;
		};
/* End XCConfigurationList section */
	};
	rootObject = F95BE3B81BAD7D79002C4927 /* Project object */;
}
